// !$*UTF8*$!
{
	archiveVersion = 1;
	classes = {
	};
	objectVersion = 46;
	objects = {

/* Begin PBXBuildFile section */
		08E6B97BF7799031145B4AB8 /* Assets.xcassets in Resources */ = {isa = PBXBuildFile; fileRef = 491CA75F9233878760F081B4 /* Assets.xcassets */; };
		1458252E0A90592C4973B4DA /* LumenBridgeMacApp.swift in Sources */ = {isa = PBXBuildFile; fileRef = 935A986A3CDF57ED5FEADBC6 /* LumenBridgeMacApp.swift */; };
		1F23A6E05A8FA2986AA31A25 /* MQTTNIO in Frameworks */ = {isa = PBXBuildFile; productRef = C95CAAD717CBD6ECCD23CC86 /* MQTTNIO */; };
		240885A91FB574EFCBDBEACF /* Foundation.framework in Frameworks */ = {isa = PBXBuildFile; fileRef = 99D5F80459DE4B881D36F9DB /* Foundation.framework */; };
		29143F6F9C02C4093B7055C4 /* MQTTNIO in Frameworks */ = {isa = PBXBuildFile; productRef = 76948C83E6B2554C3A7294A2 /* MQTTNIO */; };
		3977A2D3A77E677B66A14062 /* BridgeState.swift in Sources */ = {isa = PBXBuildFile; fileRef = 47F7D20804651531F4486BE8 /* BridgeState.swift */; };
		4FC29354720F7751A104513A /* HAP in Frameworks */ = {isa = PBXBuildFile; productRef = DE09B98B4C2C4E6B26E228F0 /* HAP */; };
		536421784332A3C976C35FC6 /* CloudKitBridge.swift in Sources */ = {isa = PBXBuildFile; fileRef = 55C6A0F9F7EAD8AD3C22A185 /* CloudKitBridge.swift */; };
		581AFDEC14DC64544ED2A3E3 /* BridgeState.swift in Sources */ = {isa = PBXBuildFile; fileRef = 47F7D20804651531F4486BE8 /* BridgeState.swift */; };
		5E4E23B6DE96AD006AA9A1F0 /* HAPBridgeManager.swift in Sources */ = {isa = PBXBuildFile; fileRef = 23A119ACA94E2741B55C7187 /* HAPBridgeManager.swift */; };
		6F00636155CB61E571B05E92 /* FrigateDiscovery.swift in Sources */ = {isa = PBXBuildFile; fileRef = 6FDC82F3B61043C8214253C6 /* FrigateDiscovery.swift */; };
		78CA7164509048CF26BFC323 /* FrigateMQTTClient.swift in Sources */ = {isa = PBXBuildFile; fileRef = 2092AE40E449CBFA48E863B5 /* FrigateMQTTClient.swift */; };
		7FA07934368769A80668C9AA /* BridgeConfigSync.swift in Sources */ = {isa = PBXBuildFile; fileRef = 98F914E4387C0F1F9E4B2A05 /* BridgeConfigSync.swift */; };
		8FB29600F73F3DA779769709 /* HAPBridgeManager.swift in Sources */ = {isa = PBXBuildFile; fileRef = 23A119ACA94E2741B55C7187 /* HAPBridgeManager.swift */; };
		94ACCD5C80D9A8598AAA92DD /* TVHomeView.swift in Sources */ = {isa = PBXBuildFile; fileRef = F89EBCC6FF4957A6CA7C8E02 /* TVHomeView.swift */; };
		A8602A92CDA324E6272BA637 /* OnboardingView.swift in Sources */ = {isa = PBXBuildFile; fileRef = 84D42D1045574B1FDCAC65EE /* OnboardingView.swift */; };
		B31A3FCD514BFB14F9C61B3F /* LumenBridgeTVApp.swift in Sources */ = {isa = PBXBuildFile; fileRef = 1A5EAFEBB8AB267171C7A1BE /* LumenBridgeTVApp.swift */; };
		BE39E45EC131375C0CDE63D8 /* FrigateDiscovery.swift in Sources */ = {isa = PBXBuildFile; fileRef = 6FDC82F3B61043C8214253C6 /* FrigateDiscovery.swift */; };
		C25A744841A0ECA07CDB6E8E /* CloudKitBridge.swift in Sources */ = {isa = PBXBuildFile; fileRef = 55C6A0F9F7EAD8AD3C22A185 /* CloudKitBridge.swift */; };
		C9A93335E222DA2428FFADE9 /* FrigateMQTTClient.swift in Sources */ = {isa = PBXBuildFile; fileRef = 2092AE40E449CBFA48E863B5 /* FrigateMQTTClient.swift */; };
		DA5436A559518B1E34ECEA0B /* MenuBarContent.swift in Sources */ = {isa = PBXBuildFile; fileRef = EBB51C4FE969A2DA001528FD /* MenuBarContent.swift */; };
		E1E2766FBB1A7D265032C12F /* BridgeCoordinator.swift in Sources */ = {isa = PBXBuildFile; fileRef = 00D2B4DCC1965E5305E300D2 /* BridgeCoordinator.swift */; };
		E1EC866F1D2517DA3839DC81 /* BridgeCoordinator.swift in Sources */ = {isa = PBXBuildFile; fileRef = 00D2B4DCC1965E5305E300D2 /* BridgeCoordinator.swift */; };
		E674AEE3B41A80AD265801FA /* SettingsView.swift in Sources */ = {isa = PBXBuildFile; fileRef = C73EB4A2AA937D9B737744C9 /* SettingsView.swift */; };
		F4C47215B7890FF6176199EE /* Cocoa.framework in Frameworks */ = {isa = PBXBuildFile; fileRef = 0E982E7C898367301219CA43 /* Cocoa.framework */; };
		F86BDE6ADB69335410D4C0CF /* BridgeConfigSync.swift in Sources */ = {isa = PBXBuildFile; fileRef = 98F914E4387C0F1F9E4B2A05 /* BridgeConfigSync.swift */; };
/* End PBXBuildFile section */

/* Begin PBXFileReference section */
		00D2B4DCC1965E5305E300D2 /* BridgeCoordinator.swift */ = {isa = PBXFileReference; includeInIndex = 1; lastKnownFileType = sourcecode.swift; path = BridgeCoordinator.swift; sourceTree = "<group>"; };
		0DDC15654DA44B08413A845B /* LumenBridgeTV.app */ = {isa = PBXFileReference; explicitFileType = wrapper.application; includeInIndex = 0; path = LumenBridgeTV.app; sourceTree = BUILT_PRODUCTS_DIR; };
		0E982E7C898367301219CA43 /* Cocoa.framework */ = {isa = PBXFileReference; lastKnownFileType = wrapper.framework; name = Cocoa.framework; path = Platforms/MacOSX.platform/Developer/SDKs/MacOSX15.0.sdk/System/Library/Frameworks/Cocoa.framework; sourceTree = DEVELOPER_DIR; };
		1A5EAFEBB8AB267171C7A1BE /* LumenBridgeTVApp.swift */ = {isa = PBXFileReference; includeInIndex = 1; lastKnownFileType = sourcecode.swift; path = LumenBridgeTVApp.swift; sourceTree = "<group>"; };
		2092AE40E449CBFA48E863B5 /* FrigateMQTTClient.swift */ = {isa = PBXFileReference; includeInIndex = 1; lastKnownFileType = sourcecode.swift; path = FrigateMQTTClient.swift; sourceTree = "<group>"; };
		23A119ACA94E2741B55C7187 /* HAPBridgeManager.swift */ = {isa = PBXFileReference; includeInIndex = 1; lastKnownFileType = sourcecode.swift; path = HAPBridgeManager.swift; sourceTree = "<group>"; };
		24303B9FD1B0E1D1E6129019 /* LumenBridge.entitlements */ = {isa = PBXFileReference; includeInIndex = 1; lastKnownFileType = text.plist.entitlements; path = LumenBridge.entitlements; sourceTree = "<group>"; };
		279EFFCC794AC8A535ABD2CF /* LumenBridgeTV.entitlements */ = {isa = PBXFileReference; includeInIndex = 1; lastKnownFileType = text.plist.entitlements; path = LumenBridgeTV.entitlements; sourceTree = "<group>"; };
		33481F88FADCCA32D1D1B126 /* LumenBridge.app */ = {isa = PBXFileReference; explicitFileType = wrapper.application; includeInIndex = 0; path = LumenBridge.app; sourceTree = BUILT_PRODUCTS_DIR; };
		47F7D20804651531F4486BE8 /* BridgeState.swift */ = {isa = PBXFileReference; includeInIndex = 1; lastKnownFileType = sourcecode.swift; path = BridgeState.swift; sourceTree = "<group>"; };
		491CA75F9233878760F081B4 /* Assets.xcassets */ = {isa = PBXFileReference; includeInIndex = 1; lastKnownFileType = folder.assetcatalog; path = Assets.xcassets; sourceTree = "<group>"; };
		55C6A0F9F7EAD8AD3C22A185 /* CloudKitBridge.swift */ = {isa = PBXFileReference; includeInIndex = 1; lastKnownFileType = sourcecode.swift; path = CloudKitBridge.swift; sourceTree = "<group>"; };
		6C2189A31DC1043DF92071AB /* Info.plist */ = {isa = PBXFileReference; includeInIndex = 1; lastKnownFileType = text.plist.xml; path = Info.plist; sourceTree = "<group>"; };
		6FDC82F3B61043C8214253C6 /* FrigateDiscovery.swift */ = {isa = PBXFileReference; includeInIndex = 1; lastKnownFileType = sourcecode.swift; path = FrigateDiscovery.swift; sourceTree = "<group>"; };
		84D42D1045574B1FDCAC65EE /* OnboardingView.swift */ = {isa = PBXFileReference; includeInIndex = 1; lastKnownFileType = sourcecode.swift; path = OnboardingView.swift; sourceTree = "<group>"; };
		935A986A3CDF57ED5FEADBC6 /* LumenBridgeMacApp.swift */ = {isa = PBXFileReference; includeInIndex = 1; lastKnownFileType = sourcecode.swift; path = LumenBridgeMacApp.swift; sourceTree = "<group>"; };
		98F914E4387C0F1F9E4B2A05 /* BridgeConfigSync.swift */ = {isa = PBXFileReference; includeInIndex = 1; lastKnownFileType = sourcecode.swift; path = BridgeConfigSync.swift; sourceTree = "<group>"; };
		99D5F80459DE4B881D36F9DB /* Foundation.framework */ = {isa = PBXFileReference; lastKnownFileType = wrapper.framework; name = Foundation.framework; path = Platforms/AppleTVOS.platform/Developer/SDKs/AppleTVOS18.0.sdk/System/Library/Frameworks/Foundation.framework; sourceTree = DEVELOPER_DIR; };
		C73EB4A2AA937D9B737744C9 /* SettingsView.swift */ = {isa = PBXFileReference; includeInIndex = 1; lastKnownFileType = sourcecode.swift; path = SettingsView.swift; sourceTree = "<group>"; };
		EBB51C4FE969A2DA001528FD /* MenuBarContent.swift */ = {isa = PBXFileReference; includeInIndex = 1; lastKnownFileType = sourcecode.swift; path = MenuBarContent.swift; sourceTree = "<group>"; };
		F89EBCC6FF4957A6CA7C8E02 /* TVHomeView.swift */ = {isa = PBXFileReference; includeInIndex = 1; lastKnownFileType = sourcecode.swift; path = TVHomeView.swift; sourceTree = "<group>"; };
		FAD193E5F049B3D495F6FC81 /* Info.plist */ = {isa = PBXFileReference; includeInIndex = 1; lastKnownFileType = text.plist.xml; path = Info.plist; sourceTree = "<group>"; };
/* End PBXFileReference section */

/* Begin PBXFrameworksBuildPhase section */
		9503FAD5180B320A004BA39B /* Frameworks */ = {
			isa = PBXFrameworksBuildPhase;
			buildActionMask = 2147483647;
			files = (
				F4C47215B7890FF6176199EE /* Cocoa.framework in Frameworks */,
				29143F6F9C02C4093B7055C4 /* MQTTNIO in Frameworks */,
				4FC29354720F7751A104513A /* HAP in Frameworks */,
			);
			runOnlyForDeploymentPostprocessing = 0;
		};
		B132F2251CEE5FF691D9C518 /* Frameworks */ = {
			isa = PBXFrameworksBuildPhase;
			buildActionMask = 2147483647;
			files = (
				240885A91FB574EFCBDBEACF /* Foundation.framework in Frameworks */,
				1F23A6E05A8FA2986AA31A25 /* MQTTNIO in Frameworks */,
			);
			runOnlyForDeploymentPostprocessing = 0;
		};
/* End PBXFrameworksBuildPhase section */

/* Begin PBXGroup section */
		008321BAA26D50B63EF93E6C /* OS X */ = {
			isa = PBXGroup;
			children = (
				0E982E7C898367301219CA43 /* Cocoa.framework */,
			);
			name = "OS X";
			sourceTree = "<group>";
		};
		05D809BB9D88611AAB677C9E /* Frameworks */ = {
			isa = PBXGroup;
			children = (
				008321BAA26D50B63EF93E6C /* OS X */,
				3C68A729D8B50C1B3543DDA1 /* tvOS */,
			);
			name = Frameworks;
			sourceTree = "<group>";
		};
		0D7EADF5DFBA97E679FE283E /* CloudKit */ = {
			isa = PBXGroup;
			children = (
				55C6A0F9F7EAD8AD3C22A185 /* CloudKitBridge.swift */,
			);
			name = CloudKit;
			path = CloudKit;
			sourceTree = "<group>";
		};
		0EC6D860019805D6B0DFCC2B /* Products */ = {
			isa = PBXGroup;
			children = (
				33481F88FADCCA32D1D1B126 /* LumenBridge.app */,
				0DDC15654DA44B08413A845B /* LumenBridgeTV.app */,
			);
			name = Products;
			sourceTree = "<group>";
		};
		3A8AD814BC9F8351C9709589 /* LumenBridgeTV */ = {
			isa = PBXGroup;
			children = (
				1A5EAFEBB8AB267171C7A1BE /* LumenBridgeTVApp.swift */,
				FED24A44D7DC4144E39903C2 /* Resources */,
				F89EBCC6FF4957A6CA7C8E02 /* TVHomeView.swift */,
			);
			name = LumenBridgeTV;
			path = LumenBridgeTV;
			sourceTree = "<group>";
		};
		3C68A729D8B50C1B3543DDA1 /* tvOS */ = {
			isa = PBXGroup;
			children = (
				99D5F80459DE4B881D36F9DB /* Foundation.framework */,
			);
			name = tvOS;
			sourceTree = "<group>";
		};
		6595589D861229D0D852E766 /* State */ = {
			isa = PBXGroup;
			children = (
				98F914E4387C0F1F9E4B2A05 /* BridgeConfigSync.swift */,
				00D2B4DCC1965E5305E300D2 /* BridgeCoordinator.swift */,
				47F7D20804651531F4486BE8 /* BridgeState.swift */,
			);
			name = State;
			path = State;
			sourceTree = "<group>";
		};
		72CB7DCA8018D3E60270430A = {
			isa = PBXGroup;
			children = (
				0EC6D860019805D6B0DFCC2B /* Products */,
				05D809BB9D88611AAB677C9E /* Frameworks */,
				C1C60A3FE7F0594C0754C033 /* Shared */,
				8371CB1536162FD6EF8D9277 /* LumenBridge */,
				3A8AD814BC9F8351C9709589 /* LumenBridgeTV */,
			);
			sourceTree = "<group>";
		};
		7553842CE5BF01003E902A1E /* MQTT */ = {
			isa = PBXGroup;
			children = (
				2092AE40E449CBFA48E863B5 /* FrigateMQTTClient.swift */,
			);
			name = MQTT;
			path = MQTT;
			sourceTree = "<group>";
		};
		8371CB1536162FD6EF8D9277 /* LumenBridge */ = {
			isa = PBXGroup;
			children = (
				935A986A3CDF57ED5FEADBC6 /* LumenBridgeMacApp.swift */,
				EBB51C4FE969A2DA001528FD /* MenuBarContent.swift */,
				84D42D1045574B1FDCAC65EE /* OnboardingView.swift */,
				E33A469F3C70D808B4696DFF /* Resources */,
				C73EB4A2AA937D9B737744C9 /* SettingsView.swift */,
			);
			name = LumenBridge;
			path = LumenBridge;
			sourceTree = "<group>";
		};
		9159FB4855F723B34D071F35 /* Discovery */ = {
			isa = PBXGroup;
			children = (
				6FDC82F3B61043C8214253C6 /* FrigateDiscovery.swift */,
			);
			name = Discovery;
			path = Discovery;
			sourceTree = "<group>";
		};
		C1C60A3FE7F0594C0754C033 /* Shared */ = {
			isa = PBXGroup;
			children = (
				0D7EADF5DFBA97E679FE283E /* CloudKit */,
				9159FB4855F723B34D071F35 /* Discovery */,
				FE7C7078167DED47F59A44FF /* HomeKit */,
				7553842CE5BF01003E902A1E /* MQTT */,
				6595589D861229D0D852E766 /* State */,
			);
			name = Shared;
			path = Shared;
			sourceTree = "<group>";
		};
		E33A469F3C70D808B4696DFF /* Resources */ = {
			isa = PBXGroup;
			children = (
				491CA75F9233878760F081B4 /* Assets.xcassets */,
				6C2189A31DC1043DF92071AB /* Info.plist */,
				24303B9FD1B0E1D1E6129019 /* LumenBridge.entitlements */,
			);
			name = Resources;
			path = Resources;
			sourceTree = "<group>";
		};
		FE7C7078167DED47F59A44FF /* HomeKit */ = {
			isa = PBXGroup;
			children = (
				23A119ACA94E2741B55C7187 /* HAPBridgeManager.swift */,
			);
			name = HomeKit;
			path = HomeKit;
			sourceTree = "<group>";
		};
		FED24A44D7DC4144E39903C2 /* Resources */ = {
			isa = PBXGroup;
			children = (
				FAD193E5F049B3D495F6FC81 /* Info.plist */,
				279EFFCC794AC8A535ABD2CF /* LumenBridgeTV.entitlements */,
			);
			name = Resources;
			path = Resources;
			sourceTree = "<group>";
		};
/* End PBXGroup section */

/* Begin PBXNativeTarget section */
		76ED8D118A154D9305A654D5 /* LumenBridgeTV */ = {
			isa = PBXNativeTarget;
			buildConfigurationList = 27AFCC31F7C027E4338CB1E7 /* Build configuration list for PBXNativeTarget "LumenBridgeTV" */;
			buildPhases = (
				3A7C7D29B2BD7D52B5741FF9 /* Sources */,
				B132F2251CEE5FF691D9C518 /* Frameworks */,
				20727FF1333D5DA39C4A079A /* Resources */,
			);
			buildRules = (
			);
			dependencies = (
			);
			name = LumenBridgeTV;
			packageProductDependencies = (
				C95CAAD717CBD6ECCD23CC86 /* MQTTNIO */,
			);
			productName = LumenBridgeTV;
			productReference = 0DDC15654DA44B08413A845B /* LumenBridgeTV.app */;
			productType = "com.apple.product-type.application";
		};
		CBCCD24E9803D97C6AB510B0 /* LumenBridge */ = {
			isa = PBXNativeTarget;
			buildConfigurationList = 0AC170AECEA0BE9386D0848B /* Build configuration list for PBXNativeTarget "LumenBridge" */;
			buildPhases = (
				186514DC80FDFAC75A37FE2D /* Sources */,
				9503FAD5180B320A004BA39B /* Frameworks */,
				236587F00EC0268B936D2249 /* Resources */,
			);
			buildRules = (
			);
			dependencies = (
			);
			name = LumenBridge;
			packageProductDependencies = (
				76948C83E6B2554C3A7294A2 /* MQTTNIO */,
				DE09B98B4C2C4E6B26E228F0 /* HAP */,
			);
			productName = LumenBridge;
			productReference = 33481F88FADCCA32D1D1B126 /* LumenBridge.app */;
			productType = "com.apple.product-type.application";
		};
/* End PBXNativeTarget section */

/* Begin PBXProject section */
		0661413A43233303022CB798 /* Project object */ = {
			isa = PBXProject;
			attributes = {
				LastSwiftUpdateCheck = 1600;
				LastUpgradeCheck = 1600;
			};
			buildConfigurationList = 885D45FFFED90D42A07EC68B /* Build configuration list for PBXProject "LumenBridge" */;
			compatibilityVersion = "Xcode 3.2";
			developmentRegion = en;
			hasScannedForEncodings = 0;
			knownRegions = (
				en,
				Base,
			);
			mainGroup = 72CB7DCA8018D3E60270430A;
			minimizedProjectReferenceProxies = 0;
			packageReferences = (
				7348979B9411A2528E1BB33B /* XCRemoteSwiftPackageReference "mqtt-nio" */,
				E856C79982070F83D69599BA /* XCRemoteSwiftPackageReference "HAP" */,
			);
			preferredProjectObjectVersion = 77;
			productRefGroup = 0EC6D860019805D6B0DFCC2B /* Products */;
			projectDirPath = "";
			projectRoot = "";
			targets = (
				CBCCD24E9803D97C6AB510B0 /* LumenBridge */,
				76ED8D118A154D9305A654D5 /* LumenBridgeTV */,
			);
		};
/* End PBXProject section */

/* Begin PBXResourcesBuildPhase section */
		20727FF1333D5DA39C4A079A /* Resources */ = {
			isa = PBXResourcesBuildPhase;
			buildActionMask = 2147483647;
			files = (
			);
			runOnlyForDeploymentPostprocessing = 0;
		};
		236587F00EC0268B936D2249 /* Resources */ = {
			isa = PBXResourcesBuildPhase;
			buildActionMask = 2147483647;
			files = (
				08E6B97BF7799031145B4AB8 /* Assets.xcassets in Resources */,
			);
			runOnlyForDeploymentPostprocessing = 0;
		};
/* End PBXResourcesBuildPhase section */

/* Begin PBXSourcesBuildPhase section */
		186514DC80FDFAC75A37FE2D /* Sources */ = {
			isa = PBXSourcesBuildPhase;
			buildActionMask = 2147483647;
			files = (
				C25A744841A0ECA07CDB6E8E /* CloudKitBridge.swift in Sources */,
				6F00636155CB61E571B05E92 /* FrigateDiscovery.swift in Sources */,
				5E4E23B6DE96AD006AA9A1F0 /* HAPBridgeManager.swift in Sources */,
				78CA7164509048CF26BFC323 /* FrigateMQTTClient.swift in Sources */,
				7FA07934368769A80668C9AA /* BridgeConfigSync.swift in Sources */,
				E1EC866F1D2517DA3839DC81 /* BridgeCoordinator.swift in Sources */,
				581AFDEC14DC64544ED2A3E3 /* BridgeState.swift in Sources */,
				1458252E0A90592C4973B4DA /* LumenBridgeMacApp.swift in Sources */,
				DA5436A559518B1E34ECEA0B /* MenuBarContent.swift in Sources */,
				A8602A92CDA324E6272BA637 /* OnboardingView.swift in Sources */,
				E674AEE3B41A80AD265801FA /* SettingsView.swift in Sources */,
			);
			runOnlyForDeploymentPostprocessing = 0;
		};
		3A7C7D29B2BD7D52B5741FF9 /* Sources */ = {
			isa = PBXSourcesBuildPhase;
			buildActionMask = 2147483647;
			files = (
				536421784332A3C976C35FC6 /* CloudKitBridge.swift in Sources */,
				BE39E45EC131375C0CDE63D8 /* FrigateDiscovery.swift in Sources */,
				8FB29600F73F3DA779769709 /* HAPBridgeManager.swift in Sources */,
				C9A93335E222DA2428FFADE9 /* FrigateMQTTClient.swift in Sources */,
				F86BDE6ADB69335410D4C0CF /* BridgeConfigSync.swift in Sources */,
				E1E2766FBB1A7D265032C12F /* BridgeCoordinator.swift in Sources */,
				3977A2D3A77E677B66A14062 /* BridgeState.swift in Sources */,
				B31A3FCD514BFB14F9C61B3F /* LumenBridgeTVApp.swift in Sources */,
				94ACCD5C80D9A8598AAA92DD /* TVHomeView.swift in Sources */,
			);
			runOnlyForDeploymentPostprocessing = 0;
		};
/* End PBXSourcesBuildPhase section */

/* Begin XCBuildConfiguration section */
		022639159A30E014C6CBA9BD /* Release */ = {
			isa = XCBuildConfiguration;
			buildSettings = {
				ASSETCATALOG_COMPILER_APPICON_NAME = AppIcon;
				ASSETCATALOG_COMPILER_GLOBAL_ACCENT_COLOR_NAME = AccentColor;
				CODE_SIGN_ENTITLEMENTS = LumenBridgeTV/Resources/LumenBridgeTV.entitlements;
				CODE_SIGN_STYLE = Automatic;
				CURRENT_PROJECT_VERSION = 7;
				DEVELOPMENT_TEAM = TDV6D5L785;
				ENABLE_PREVIEWS = YES;
				INFOPLIST_FILE = LumenBridgeTV/Resources/Info.plist;
				INFOPLIST_KEY_LSApplicationCategoryType = "public.app-category.utilities";
				INFOPLIST_KEY_NSHumanReadableCopyright = "Copyright © 2026 LorisLabs";
				LD_RUNPATH_SEARCH_PATHS = "$(inherited) @executable_path/Frameworks";
				MARKETING_VERSION = 0.1.0;
				PRODUCT_BUNDLE_IDENTIFIER = com.lorislabapp.lumenbridge;
				PRODUCT_NAME = "Lumen Bridge";
				SDKROOT = appletvos;
				SUPPORTED_PLATFORMS = "appletvos appletvsimulator";
				SWIFT_VERSION = 6.0;
				TARGETED_DEVICE_FAMILY = 3;
				TVOS_DEPLOYMENT_TARGET = 17.0;
				VALIDATE_PRODUCT = YES;
			};
			name = Release;
		};
		43A7A2B016A9B23AF275BC99 /* Debug */ = {
			isa = XCBuildConfiguration;
			buildSettings = {
				ASSETCATALOG_COMPILER_APPICON_NAME = AppIcon;
				ASSETCATALOG_COMPILER_GLOBAL_ACCENT_COLOR_NAME = AccentColor;
				CODE_SIGN_ENTITLEMENTS = LumenBridge/Resources/LumenBridge.entitlements;
				CODE_SIGN_STYLE = Automatic;
				COMBINE_HIDPI_IMAGES = YES;
				CURRENT_PROJECT_VERSION = 7;
				DEVELOPMENT_TEAM = TDV6D5L785;
				ENABLE_HARDENED_RUNTIME = YES;
				ENABLE_PREVIEWS = YES;
				INFOPLIST_FILE = LumenBridge/Resources/Info.plist;
				INFOPLIST_KEY_LSApplicationCategoryType = "public.app-category.utilities";
				INFOPLIST_KEY_LSUIElement = YES;
				INFOPLIST_KEY_NSHumanReadableCopyright = "Copyright © 2026 LorisLabs";
				LD_RUNPATH_SEARCH_PATHS = "$(inherited) @executable_path/../Frameworks";
				MACOSX_DEPLOYMENT_TARGET = 14.0;
				MARKETING_VERSION = 0.1.0;
				PRODUCT_BUNDLE_IDENTIFIER = com.lorislabapp.lumenbridge;
				PRODUCT_NAME = "Lumen Bridge";
				SDKROOT = macosx;
				SUPPORTED_PLATFORMS = macosx;
				SWIFT_VERSION = 6.0;
			};
			name = Debug;
		};
		4DD8510EC7869E1DE552BD61 /* Release */ = {
			isa = XCBuildConfiguration;
			buildSettings = {
				ASSETCATALOG_COMPILER_APPICON_NAME = AppIcon;
				ASSETCATALOG_COMPILER_GLOBAL_ACCENT_COLOR_NAME = AccentColor;
				CODE_SIGN_ENTITLEMENTS = LumenBridge/Resources/LumenBridge.entitlements;
				CODE_SIGN_STYLE = Automatic;
				COMBINE_HIDPI_IMAGES = YES;
				CURRENT_PROJECT_VERSION = 7;
				DEVELOPMENT_TEAM = TDV6D5L785;
				ENABLE_HARDENED_RUNTIME = YES;
				ENABLE_PREVIEWS = YES;
				INFOPLIST_FILE = LumenBridge/Resources/Info.plist;
				INFOPLIST_KEY_LSApplicationCategoryType = "public.app-category.utilities";
				INFOPLIST_KEY_LSUIElement = YES;
				INFOPLIST_KEY_NSHumanReadableCopyright = "Copyright © 2026 LorisLabs";
				LD_RUNPATH_SEARCH_PATHS = "$(inherited) @executable_path/../Frameworks";
				MACOSX_DEPLOYMENT_TARGET = 14.0;
				MARKETING_VERSION = 0.1.0;
				PRODUCT_BUNDLE_IDENTIFIER = com.lorislabapp.lumenbridge;
				PRODUCT_NAME = "Lumen Bridge";
				SDKROOT = macosx;
				SUPPORTED_PLATFORMS = macosx;
				SWIFT_VERSION = 6.0;
			};
			name = Release;
		};
		8BE6FAC2653595E55D10F8D0 /* Debug */ = {
			isa = XCBuildConfiguration;
			buildSettings = {
				ALWAYS_SEARCH_USER_PATHS = NO;
				CLANG_ANALYZER_NONNULL = YES;
				CLANG_ANALYZER_NUMBER_OBJECT_CONVERSION = YES_AGGRESSIVE;
				CLANG_CXX_LANGUAGE_STANDARD = "gnu++14";
				CLANG_CXX_LIBRARY = "libc++";
				CLANG_ENABLE_MODULES = YES;
				CLANG_ENABLE_OBJC_ARC = YES;
				CLANG_ENABLE_OBJC_WEAK = YES;
				CLANG_WARN_BLOCK_CAPTURE_AUTORELEASING = YES;
				CLANG_WARN_BOOL_CONVERSION = YES;
				CLANG_WARN_COMMA = YES;
				CLANG_WARN_CONSTANT_CONVERSION = YES;
				CLANG_WARN_DEPRECATED_OBJC_IMPLEMENTATIONS = YES;
				CLANG_WARN_DIRECT_OBJC_ISA_USAGE = YES_ERROR;
				CLANG_WARN_DOCUMENTATION_COMMENTS = YES;
				CLANG_WARN_EMPTY_BODY = YES;
				CLANG_WARN_ENUM_CONVERSION = YES;
				CLANG_WARN_INFINITE_RECURSION = YES;
				CLANG_WARN_INT_CONVERSION = YES;
				CLANG_WARN_NON_LITERAL_NULL_CONVERSION = YES;
				CLANG_WARN_OBJC_IMPLICIT_RETAIN_SELF = YES;
				CLANG_WARN_OBJC_LITERAL_CONVERSION = YES;
				CLANG_WARN_OBJC_ROOT_CLASS = YES_ERROR;
				CLANG_WARN_QUOTED_INCLUDE_IN_FRAMEWORK_HEADER = YES;
				CLANG_WARN_RANGE_LOOP_ANALYSIS = YES;
				CLANG_WARN_STRICT_PROTOTYPES = YES;
				CLANG_WARN_SUSPICIOUS_MOVE = YES;
				CLANG_WARN_UNGUARDED_AVAILABILITY = YES_AGGRESSIVE;
				CLANG_WARN_UNREACHABLE_CODE = YES;
				CLANG_WARN__DUPLICATE_METHOD_MATCH = YES;
				COPY_PHASE_STRIP = NO;
				DEBUG_INFORMATION_FORMAT = dwarf;
				ENABLE_STRICT_OBJC_MSGSEND = YES;
				ENABLE_TESTABILITY = YES;
				GCC_C_LANGUAGE_STANDARD = gnu11;
				GCC_DYNAMIC_NO_PIC = NO;
				GCC_NO_COMMON_BLOCKS = YES;
				GCC_OPTIMIZATION_LEVEL = 0;
				GCC_PREPROCESSOR_DEFINITIONS = (
					"DEBUG=1",
					"$(inherited)",
				);
				GCC_WARN_64_TO_32_BIT_CONVERSION = YES;
				GCC_WARN_ABOUT_RETURN_TYPE = YES_ERROR;
				GCC_WARN_UNDECLARED_SELECTOR = YES;
				GCC_WARN_UNINITIALIZED_AUTOS = YES_AGGRESSIVE;
				GCC_WARN_UNUSED_FUNCTION = YES;
				GCC_WARN_UNUSED_VARIABLE = YES;
				MTL_ENABLE_DEBUG_INFO = INCLUDE_SOURCE;
				MTL_FAST_MATH = YES;
				ONLY_ACTIVE_ARCH = YES;
				PRODUCT_NAME = "$(TARGET_NAME)";
				SWIFT_ACTIVE_COMPILATION_CONDITIONS = DEBUG;
				SWIFT_OPTIMIZATION_LEVEL = "-Onone";
				SWIFT_VERSION = 5.0;
			};
			name = Debug;
		};
		D18A5AE9F1C5C25B49CF8317 /* Release */ = {
			isa = XCBuildConfiguration;
			buildSettings = {
				ALWAYS_SEARCH_USER_PATHS = NO;
				CLANG_ANALYZER_NONNULL = YES;
				CLANG_ANALYZER_NUMBER_OBJECT_CONVERSION = YES_AGGRESSIVE;
				CLANG_CXX_LANGUAGE_STANDARD = "gnu++14";
				CLANG_CXX_LIBRARY = "libc++";
				CLANG_ENABLE_MODULES = YES;
				CLANG_ENABLE_OBJC_ARC = YES;
				CLANG_ENABLE_OBJC_WEAK = YES;
				CLANG_WARN_BLOCK_CAPTURE_AUTORELEASING = YES;
				CLANG_WARN_BOOL_CONVERSION = YES;
				CLANG_WARN_COMMA = YES;
				CLANG_WARN_CONSTANT_CONVERSION = YES;
				CLANG_WARN_DEPRECATED_OBJC_IMPLEMENTATIONS = YES;
				CLANG_WARN_DIRECT_OBJC_ISA_USAGE = YES_ERROR;
				CLANG_WARN_DOCUMENTATION_COMMENTS = YES;
				CLANG_WARN_EMPTY_BODY = YES;
				CLANG_WARN_ENUM_CONVERSION = YES;
				CLANG_WARN_INFINITE_RECURSION = YES;
				CLANG_WARN_INT_CONVERSION = YES;
				CLANG_WARN_NON_LITERAL_NULL_CONVERSION = YES;
				CLANG_WARN_OBJC_IMPLICIT_RETAIN_SELF = YES;
				CLANG_WARN_OBJC_LITERAL_CONVERSION = YES;
				CLANG_WARN_OBJC_ROOT_CLASS = YES_ERROR;
				CLANG_WARN_QUOTED_INCLUDE_IN_FRAMEWORK_HEADER = YES;
				CLANG_WARN_RANGE_LOOP_ANALYSIS = YES;
				CLANG_WARN_STRICT_PROTOTYPES = YES;
				CLANG_WARN_SUSPICIOUS_MOVE = YES;
				CLANG_WARN_UNGUARDED_AVAILABILITY = YES_AGGRESSIVE;
				CLANG_WARN_UNREACHABLE_CODE = YES;
				CLANG_WARN__DUPLICATE_METHOD_MATCH = YES;
				COPY_PHASE_STRIP = NO;
				DEBUG_INFORMATION_FORMAT = "dwarf-with-dsym";
				ENABLE_NS_ASSERTIONS = NO;
				ENABLE_STRICT_OBJC_MSGSEND = YES;
				GCC_C_LANGUAGE_STANDARD = gnu11;
				GCC_NO_COMMON_BLOCKS = YES;
				GCC_WARN_64_TO_32_BIT_CONVERSION = YES;
				GCC_WARN_ABOUT_RETURN_TYPE = YES_ERROR;
				GCC_WARN_UNDECLARED_SELECTOR = YES;
				GCC_WARN_UNINITIALIZED_AUTOS = YES_AGGRESSIVE;
				GCC_WARN_UNUSED_FUNCTION = YES;
				GCC_WARN_UNUSED_VARIABLE = YES;
				MTL_ENABLE_DEBUG_INFO = NO;
				MTL_FAST_MATH = YES;
				PRODUCT_NAME = "$(TARGET_NAME)";
				SWIFT_COMPILATION_MODE = wholemodule;
				SWIFT_OPTIMIZATION_LEVEL = "-O";
				SWIFT_VERSION = 5.0;
			};
			name = Release;
		};
		FF7153D4BFF4EE68136B610C /* Debug */ = {
			isa = XCBuildConfiguration;
			buildSettings = {
				ASSETCATALOG_COMPILER_APPICON_NAME = AppIcon;
				ASSETCATALOG_COMPILER_GLOBAL_ACCENT_COLOR_NAME = AccentColor;
				CODE_SIGN_ENTITLEMENTS = LumenBridgeTV/Resources/LumenBridgeTV.entitlements;
				CODE_SIGN_STYLE = Automatic;
				CURRENT_PROJECT_VERSION = 7;
				DEVELOPMENT_TEAM = TDV6D5L785;
				ENABLE_PREVIEWS = YES;
				INFOPLIST_FILE = LumenBridgeTV/Resources/Info.plist;
				INFOPLIST_KEY_LSApplicationCategoryType = "public.app-category.utilities";
				INFOPLIST_KEY_NSHumanReadableCopyright = "Copyright © 2026 LorisLabs";
				LD_RUNPATH_SEARCH_PATHS = "$(inherited) @executable_path/Frameworks";
				MARKETING_VERSION = 0.1.0;
				PRODUCT_BUNDLE_IDENTIFIER = com.lorislabapp.lumenbridge;
				PRODUCT_NAME = "Lumen Bridge";
				SDKROOT = appletvos;
				SUPPORTED_PLATFORMS = "appletvos appletvsimulator";
				SWIFT_VERSION = 6.0;
				TARGETED_DEVICE_FAMILY = 3;
				TVOS_DEPLOYMENT_TARGET = 17.0;
			};
			name = Debug;
		};
/* End XCBuildConfiguration section */

/* Begin XCConfigurationList section */
		0AC170AECEA0BE9386D0848B /* Build configuration list for PBXNativeTarget "LumenBridge" */ = {
			isa = XCConfigurationList;
			buildConfigurations = (
				4DD8510EC7869E1DE552BD61 /* Release */,
				43A7A2B016A9B23AF275BC99 /* Debug */,
			);
			defaultConfigurationIsVisible = 0;
			defaultConfigurationName = Release;
		};
		27AFCC31F7C027E4338CB1E7 /* Build configuration list for PBXNativeTarget "LumenBridgeTV" */ = {
			isa = XCConfigurationList;
			buildConfigurations = (
				022639159A30E014C6CBA9BD /* Release */,
				FF7153D4BFF4EE68136B610C /* Debug */,
			);
			defaultConfigurationIsVisible = 0;
			defaultConfigurationName = Release;
		};
		885D45FFFED90D42A07EC68B /* Build configuration list for PBXProject "LumenBridge" */ = {
			isa = XCConfigurationList;
			buildConfigurations = (
				8BE6FAC2653595E55D10F8D0 /* Debug */,
				D18A5AE9F1C5C25B49CF8317 /* Release */,
			);
			defaultConfigurationIsVisible = 0;
			defaultConfigurationName = Release;
		};
/* End XCConfigurationList section */

/* Begin XCRemoteSwiftPackageReference section */
		7348979B9411A2528E1BB33B /* XCRemoteSwiftPackageReference "mqtt-nio" */ = {
			isa = XCRemoteSwiftPackageReference;
			repositoryURL = "https://github.com/adam-fowler/mqtt-nio";
			requirement = {
				kind = upToNextMajorVersion;
				minimumVersion = 2.13.0;
			};
		};
		E856C79982070F83D69599BA /* XCRemoteSwiftPackageReference "HAP" */ = {
			isa = XCRemoteSwiftPackageReference;
			repositoryURL = "https://github.com/Bouke/HAP";
			requirement = {
				kind = revision;
				revision = 51e3505a;
			};
		};
/* End XCRemoteSwiftPackageReference section */

/* Begin XCSwiftPackageProductDependency section */
		76948C83E6B2554C3A7294A2 /* MQTTNIO */ = {
			isa = XCSwiftPackageProductDependency;
			package = 7348979B9411A2528E1BB33B /* XCRemoteSwiftPackageReference "mqtt-nio" */;
			productName = MQTTNIO;
		};
		C95CAAD717CBD6ECCD23CC86 /* MQTTNIO */ = {
			isa = XCSwiftPackageProductDependency;
			package = 7348979B9411A2528E1BB33B /* XCRemoteSwiftPackageReference "mqtt-nio" */;
			productName = MQTTNIO;
		};
		DE09B98B4C2C4E6B26E228F0 /* HAP */ = {
			isa = XCSwiftPackageProductDependency;
			package = E856C79982070F83D69599BA /* XCRemoteSwiftPackageReference "HAP" */;
			productName = HAP;
		};
/* End XCSwiftPackageProductDependency section */
	};
	rootObject = 0661413A43233303022CB798 /* Project object */;
}
