// !$*UTF8*$!
{
	archiveVersion = 1;
	classes = {
	};
	objectVersion = 46;
	objects = {

/* Begin PBXBuildFile section */
		0D8DE96F120A696A82624764 /* PrivacyInfo.xcprivacy in Resources */ = {isa = PBXBuildFile; fileRef = DF70E792565A67406399861E /* PrivacyInfo.xcprivacy */; };
		1004D8269827C25EC6C30C24 /* Assets.xcassets in Resources */ = {isa = PBXBuildFile; fileRef = 3C7A19E85E06F22036BD8695 /* Assets.xcassets */; };
		1B9706D0D326228D56E8B401 /* BridgeState.swift in Sources */ = {isa = PBXBuildFile; fileRef = 33A4DF48794D84347BD2D306 /* BridgeState.swift */; };
		213CD175918D95B643037349 /* CloudKitBridge.swift in Sources */ = {isa = PBXBuildFile; fileRef = 5BAF6543EEACB074887C4B0F /* CloudKitBridge.swift */; };
		21AE74F78E60B870338BB2EB /* BridgeCoordinator.swift in Sources */ = {isa = PBXBuildFile; fileRef = FDB9119E055D690B16EF18E9 /* BridgeCoordinator.swift */; };
		37DB03AEBA31A4A25191FBE1 /* OnboardingView.swift in Sources */ = {isa = PBXBuildFile; fileRef = E8C210560E9FE0B6807D408E /* OnboardingView.swift */; };
		4393F397DE92416223F89ACE /* LumenBridgeBugReportContext.swift in Sources */ = {isa = PBXBuildFile; fileRef = 4919A48977603F7A3EFF4FD6 /* LumenBridgeBugReportContext.swift */; };
		45B1596883BD3DE54DF81DE0 /* Localizable.xcstrings in Resources */ = {isa = PBXBuildFile; fileRef = 4612204A63F1FF97EB7D4853 /* Localizable.xcstrings */; };
		4A730F49DFAD23094A2928EC /* FrigateDiscovery.swift in Sources */ = {isa = PBXBuildFile; fileRef = 3B9AE6F82B98EC996A4B3D87 /* FrigateDiscovery.swift */; };
		520EFAE9009F6D4241DCC523 /* CloudKitBridge.swift in Sources */ = {isa = PBXBuildFile; fileRef = 5BAF6543EEACB074887C4B0F /* CloudKitBridge.swift */; };
		52AEE6B199CE05905DF716F9 /* SettingsView.swift in Sources */ = {isa = PBXBuildFile; fileRef = E28DA7ECBAC26F0648DD4F45 /* SettingsView.swift */; };
		5485E8DBFAB10DFF5FF97453 /* MQTTCredentialsKeychain.swift in Sources */ = {isa = PBXBuildFile; fileRef = B9E1A0BB5837C6AAEB0E9741 /* MQTTCredentialsKeychain.swift */; };
		563F78552EBC0EBFADC69DB4 /* BridgeCoordinator.swift in Sources */ = {isa = PBXBuildFile; fileRef = FDB9119E055D690B16EF18E9 /* BridgeCoordinator.swift */; };
		59F72B975F8C681D55BEB19D /* Cocoa.framework in Frameworks */ = {isa = PBXBuildFile; fileRef = 8BAFF04A549DAD696DCD3E88 /* Cocoa.framework */; };
		5DDD37757B27ED1195EF348E /* BridgeConfigSync.swift in Sources */ = {isa = PBXBuildFile; fileRef = 65BF4C62B90B91166EF50ED0 /* BridgeConfigSync.swift */; };
		7DF183815E38E752EE7A149A /* BugReportKit in Frameworks */ = {isa = PBXBuildFile; productRef = 543501063C2233C0608DCA0A /* BugReportKit */; };
		844673745561D44DFB4BD27D /* HAP in Frameworks */ = {isa = PBXBuildFile; productRef = DC52E90AC8BBE876DA249F16 /* HAP */; };
		8C1CDF67DA203CECE5A4D4A6 /* HomebridgeManager.swift in Sources */ = {isa = PBXBuildFile; fileRef = 71295CFC41183D273F96771B /* HomebridgeManager.swift */; };
		8FD80FC93A28690E42E335A3 /* LumenBridgeTVApp.swift in Sources */ = {isa = PBXBuildFile; fileRef = 9B291AB3B68911096AC6A738 /* LumenBridgeTVApp.swift */; };
		AD4BBED88851D666195D71FF /* BridgeState.swift in Sources */ = {isa = PBXBuildFile; fileRef = 33A4DF48794D84347BD2D306 /* BridgeState.swift */; };
		B4792CB90F2F1A5DCE20DC4F /* MQTTNIO in Frameworks */ = {isa = PBXBuildFile; productRef = EB83F590D3E09A9C810166F0 /* MQTTNIO */; };
		B8FC5AD8763FD811B740F02A /* Localizable.xcstrings in Resources */ = {isa = PBXBuildFile; fileRef = 0229DA84F030C9D2F2441EF3 /* Localizable.xcstrings */; };
		BB50CF3D583418896AB1AF9A /* MainWindow.swift in Sources */ = {isa = PBXBuildFile; fileRef = C33C2C7E6775A3113B1FD858 /* MainWindow.swift */; };
		C391651184F66709AD246B1B /* FrigateDiscovery.swift in Sources */ = {isa = PBXBuildFile; fileRef = 3B9AE6F82B98EC996A4B3D87 /* FrigateDiscovery.swift */; };
		C6E0C6554EA2B46F7E530249 /* PrivacyInfo.xcprivacy in Resources */ = {isa = PBXBuildFile; fileRef = BF932A53BA4217EDD2DAD51C /* PrivacyInfo.xcprivacy */; };
		C732CA5EB8797307FB1093EB /* TVHomeView.swift in Sources */ = {isa = PBXBuildFile; fileRef = D1BC14F26A855090976C4C18 /* TVHomeView.swift */; };
		CAC44901C9A8327D651A76AE /* Foundation.framework in Frameworks */ = {isa = PBXBuildFile; fileRef = EA291C275431DB7C85C4A4BE /* Foundation.framework */; };
		D1DD609F89F4794E4BA3F92D /* LumenBridgeMacApp.swift in Sources */ = {isa = PBXBuildFile; fileRef = 3A044DA8A7BC52C16BB2E9B5 /* LumenBridgeMacApp.swift */; };
		D5511D6C784DA44EFB4DC154 /* MenuBarContent.swift in Sources */ = {isa = PBXBuildFile; fileRef = DE1E309848F570C19250F275 /* MenuBarContent.swift */; };
		DC704D2C24A596C19E0FDCBB /* HomebridgeManager.swift in Sources */ = {isa = PBXBuildFile; fileRef = 71295CFC41183D273F96771B /* HomebridgeManager.swift */; };
		E07978D25EF83637D9C6BA36 /* FrigateMQTTClient.swift in Sources */ = {isa = PBXBuildFile; fileRef = 37665C0061264ECFF666BE20 /* FrigateMQTTClient.swift */; };
		E0C8C31A491D5CF94ECB8F26 /* HAPBridgeManager.swift in Sources */ = {isa = PBXBuildFile; fileRef = 33A3D250EF29DB71F88B3F09 /* HAPBridgeManager.swift */; };
		E1FF8D9B4261B5F62EB07BC5 /* FrigateMQTTClient.swift in Sources */ = {isa = PBXBuildFile; fileRef = 37665C0061264ECFF666BE20 /* FrigateMQTTClient.swift */; };
		E6D358553D2EDC6755445A0D /* HAPBridgeManager.swift in Sources */ = {isa = PBXBuildFile; fileRef = 33A3D250EF29DB71F88B3F09 /* HAPBridgeManager.swift */; };
		E968528B43E1B479877919EB /* MQTTNIO in Frameworks */ = {isa = PBXBuildFile; productRef = EC3E0AB95076CC19B0B41556 /* MQTTNIO */; };
		F005178129FC54209CA5EE77 /* Assets.xcassets in Resources */ = {isa = PBXBuildFile; fileRef = AED237883A7AD86BDDB59A28 /* Assets.xcassets */; };
		F17619ACDE4FBC090CF1889C /* MQTTCredentialsKeychain.swift in Sources */ = {isa = PBXBuildFile; fileRef = B9E1A0BB5837C6AAEB0E9741 /* MQTTCredentialsKeychain.swift */; };
		FA303C43B0BBA564B450DE60 /* BridgeConfigSync.swift in Sources */ = {isa = PBXBuildFile; fileRef = 65BF4C62B90B91166EF50ED0 /* BridgeConfigSync.swift */; };
/* End PBXBuildFile section */

/* Begin PBXFileReference section */
		0229DA84F030C9D2F2441EF3 /* Localizable.xcstrings */ = {isa = PBXFileReference; includeInIndex = 1; path = Localizable.xcstrings; sourceTree = "<group>"; };
		0AC2E3B000F062D94CF5A7F0 /* Info.plist */ = {isa = PBXFileReference; includeInIndex = 1; lastKnownFileType = text.plist.xml; path = Info.plist; sourceTree = "<group>"; };
		33A3D250EF29DB71F88B3F09 /* HAPBridgeManager.swift */ = {isa = PBXFileReference; includeInIndex = 1; lastKnownFileType = sourcecode.swift; path = HAPBridgeManager.swift; sourceTree = "<group>"; };
		33A4DF48794D84347BD2D306 /* BridgeState.swift */ = {isa = PBXFileReference; includeInIndex = 1; lastKnownFileType = sourcecode.swift; path = BridgeState.swift; sourceTree = "<group>"; };
		37665C0061264ECFF666BE20 /* FrigateMQTTClient.swift */ = {isa = PBXFileReference; includeInIndex = 1; lastKnownFileType = sourcecode.swift; path = FrigateMQTTClient.swift; sourceTree = "<group>"; };
		3A044DA8A7BC52C16BB2E9B5 /* LumenBridgeMacApp.swift */ = {isa = PBXFileReference; includeInIndex = 1; lastKnownFileType = sourcecode.swift; path = LumenBridgeMacApp.swift; sourceTree = "<group>"; };
		3B9AE6F82B98EC996A4B3D87 /* FrigateDiscovery.swift */ = {isa = PBXFileReference; includeInIndex = 1; lastKnownFileType = sourcecode.swift; path = FrigateDiscovery.swift; sourceTree = "<group>"; };
		3C7A19E85E06F22036BD8695 /* Assets.xcassets */ = {isa = PBXFileReference; includeInIndex = 1; lastKnownFileType = folder.assetcatalog; path = Assets.xcassets; sourceTree = "<group>"; };
		4612204A63F1FF97EB7D4853 /* Localizable.xcstrings */ = {isa = PBXFileReference; includeInIndex = 1; path = Localizable.xcstrings; sourceTree = "<group>"; };
		4919A48977603F7A3EFF4FD6 /* LumenBridgeBugReportContext.swift */ = {isa = PBXFileReference; includeInIndex = 1; lastKnownFileType = sourcecode.swift; path = LumenBridgeBugReportContext.swift; sourceTree = "<group>"; };
		4BF08AA3FE87FB56BE8755D3 /* LumenBridgeTV.entitlements */ = {isa = PBXFileReference; includeInIndex = 1; lastKnownFileType = text.plist.entitlements; path = LumenBridgeTV.entitlements; sourceTree = "<group>"; };
		5BAF6543EEACB074887C4B0F /* CloudKitBridge.swift */ = {isa = PBXFileReference; includeInIndex = 1; lastKnownFileType = sourcecode.swift; path = CloudKitBridge.swift; sourceTree = "<group>"; };
		652CB63D75078D602A75DA68 /* Info.plist */ = {isa = PBXFileReference; includeInIndex = 1; lastKnownFileType = text.plist.xml; path = Info.plist; sourceTree = "<group>"; };
		65BF4C62B90B91166EF50ED0 /* BridgeConfigSync.swift */ = {isa = PBXFileReference; includeInIndex = 1; lastKnownFileType = sourcecode.swift; path = BridgeConfigSync.swift; sourceTree = "<group>"; };
		6E583D04FB61A0C8E6C17D7A /* LumenBridgeTV.app */ = {isa = PBXFileReference; explicitFileType = wrapper.application; includeInIndex = 0; path = LumenBridgeTV.app; sourceTree = BUILT_PRODUCTS_DIR; };
		71295CFC41183D273F96771B /* HomebridgeManager.swift */ = {isa = PBXFileReference; includeInIndex = 1; lastKnownFileType = sourcecode.swift; path = HomebridgeManager.swift; sourceTree = "<group>"; };
		8BAFF04A549DAD696DCD3E88 /* Cocoa.framework */ = {isa = PBXFileReference; lastKnownFileType = wrapper.framework; name = Cocoa.framework; path = Platforms/MacOSX.platform/Developer/SDKs/MacOSX15.0.sdk/System/Library/Frameworks/Cocoa.framework; sourceTree = DEVELOPER_DIR; };
		9B291AB3B68911096AC6A738 /* LumenBridgeTVApp.swift */ = {isa = PBXFileReference; includeInIndex = 1; lastKnownFileType = sourcecode.swift; path = LumenBridgeTVApp.swift; sourceTree = "<group>"; };
		AED237883A7AD86BDDB59A28 /* Assets.xcassets */ = {isa = PBXFileReference; includeInIndex = 1; lastKnownFileType = folder.assetcatalog; path = Assets.xcassets; sourceTree = "<group>"; };
		B9E1A0BB5837C6AAEB0E9741 /* MQTTCredentialsKeychain.swift */ = {isa = PBXFileReference; includeInIndex = 1; lastKnownFileType = sourcecode.swift; path = MQTTCredentialsKeychain.swift; sourceTree = "<group>"; };
		BF932A53BA4217EDD2DAD51C /* PrivacyInfo.xcprivacy */ = {isa = PBXFileReference; includeInIndex = 1; path = PrivacyInfo.xcprivacy; sourceTree = "<group>"; };
		C33C2C7E6775A3113B1FD858 /* MainWindow.swift */ = {isa = PBXFileReference; includeInIndex = 1; lastKnownFileType = sourcecode.swift; path = MainWindow.swift; sourceTree = "<group>"; };
		C4D0340A44ACC865E56BF985 /* LumenBridge.app */ = {isa = PBXFileReference; explicitFileType = wrapper.application; includeInIndex = 0; path = LumenBridge.app; sourceTree = BUILT_PRODUCTS_DIR; };
		D1BC14F26A855090976C4C18 /* TVHomeView.swift */ = {isa = PBXFileReference; includeInIndex = 1; lastKnownFileType = sourcecode.swift; path = TVHomeView.swift; sourceTree = "<group>"; };
		DE1E309848F570C19250F275 /* MenuBarContent.swift */ = {isa = PBXFileReference; includeInIndex = 1; lastKnownFileType = sourcecode.swift; path = MenuBarContent.swift; sourceTree = "<group>"; };
		DF70E792565A67406399861E /* PrivacyInfo.xcprivacy */ = {isa = PBXFileReference; includeInIndex = 1; path = PrivacyInfo.xcprivacy; sourceTree = "<group>"; };
		E28DA7ECBAC26F0648DD4F45 /* SettingsView.swift */ = {isa = PBXFileReference; includeInIndex = 1; lastKnownFileType = sourcecode.swift; path = SettingsView.swift; sourceTree = "<group>"; };
		E8C210560E9FE0B6807D408E /* OnboardingView.swift */ = {isa = PBXFileReference; includeInIndex = 1; lastKnownFileType = sourcecode.swift; path = OnboardingView.swift; sourceTree = "<group>"; };
		EA291C275431DB7C85C4A4BE /* Foundation.framework */ = {isa = PBXFileReference; lastKnownFileType = wrapper.framework; name = Foundation.framework; path = Platforms/AppleTVOS.platform/Developer/SDKs/AppleTVOS18.0.sdk/System/Library/Frameworks/Foundation.framework; sourceTree = DEVELOPER_DIR; };
		EDC852534C4A8BC01D125B98 /* LumenBridge.entitlements */ = {isa = PBXFileReference; includeInIndex = 1; lastKnownFileType = text.plist.entitlements; path = LumenBridge.entitlements; sourceTree = "<group>"; };
		FDB9119E055D690B16EF18E9 /* BridgeCoordinator.swift */ = {isa = PBXFileReference; includeInIndex = 1; lastKnownFileType = sourcecode.swift; path = BridgeCoordinator.swift; sourceTree = "<group>"; };
/* End PBXFileReference section */

/* Begin PBXFrameworksBuildPhase section */
		3B8E0B74EDF356C9EDCCFA61 /* Frameworks */ = {
			isa = PBXFrameworksBuildPhase;
			buildActionMask = 2147483647;
			files = (
				59F72B975F8C681D55BEB19D /* Cocoa.framework in Frameworks */,
				B4792CB90F2F1A5DCE20DC4F /* MQTTNIO in Frameworks */,
				844673745561D44DFB4BD27D /* HAP in Frameworks */,
				7DF183815E38E752EE7A149A /* BugReportKit in Frameworks */,
			);
			runOnlyForDeploymentPostprocessing = 0;
		};
		8AB5A643EEC1C88BD3D73944 /* Frameworks */ = {
			isa = PBXFrameworksBuildPhase;
			buildActionMask = 2147483647;
			files = (
				CAC44901C9A8327D651A76AE /* Foundation.framework in Frameworks */,
				E968528B43E1B479877919EB /* MQTTNIO in Frameworks */,
			);
			runOnlyForDeploymentPostprocessing = 0;
		};
/* End PBXFrameworksBuildPhase section */

/* Begin PBXGroup section */
		060B1D4FEBC77FCD67A03FF0 /* HomeKit */ = {
			isa = PBXGroup;
			children = (
				33A3D250EF29DB71F88B3F09 /* HAPBridgeManager.swift */,
				71295CFC41183D273F96771B /* HomebridgeManager.swift */,
			);
			name = HomeKit;
			path = HomeKit;
			sourceTree = "<group>";
		};
		2BE035EC6B5F6F32416E98F4 /* State */ = {
			isa = PBXGroup;
			children = (
				65BF4C62B90B91166EF50ED0 /* BridgeConfigSync.swift */,
				FDB9119E055D690B16EF18E9 /* BridgeCoordinator.swift */,
				33A4DF48794D84347BD2D306 /* BridgeState.swift */,
				B9E1A0BB5837C6AAEB0E9741 /* MQTTCredentialsKeychain.swift */,
			);
			name = State;
			path = State;
			sourceTree = "<group>";
		};
		40F6F899623683BBF548ECC2 /* Products */ = {
			isa = PBXGroup;
			children = (
				C4D0340A44ACC865E56BF985 /* LumenBridge.app */,
				6E583D04FB61A0C8E6C17D7A /* LumenBridgeTV.app */,
			);
			name = Products;
			sourceTree = "<group>";
		};
		4954EB462421F03DAB118559 /* CloudKit */ = {
			isa = PBXGroup;
			children = (
				5BAF6543EEACB074887C4B0F /* CloudKitBridge.swift */,
			);
			name = CloudKit;
			path = CloudKit;
			sourceTree = "<group>";
		};
		69E97127CE14B4D04423DF9A /* Services */ = {
			isa = PBXGroup;
			children = (
				4919A48977603F7A3EFF4FD6 /* LumenBridgeBugReportContext.swift */,
			);
			name = Services;
			path = Services;
			sourceTree = "<group>";
		};
		7118892290FE200F9421F6EA /* MQTT */ = {
			isa = PBXGroup;
			children = (
				37665C0061264ECFF666BE20 /* FrigateMQTTClient.swift */,
			);
			name = MQTT;
			path = MQTT;
			sourceTree = "<group>";
		};
		82AC061B6D95C4CF21C5D663 = {
			isa = PBXGroup;
			children = (
				40F6F899623683BBF548ECC2 /* Products */,
				F7A965B088A2130DA8791E4A /* Frameworks */,
				CD535A0742994CA2CBCEBA89 /* Shared */,
				AED25E2C4346C4C635D1DD38 /* LumenBridge */,
				F25637BA84F7959096A14112 /* LumenBridgeTV */,
			);
			sourceTree = "<group>";
		};
		9029323911B5E0D9D5F7F2DC /* Resources */ = {
			isa = PBXGroup;
			children = (
				3C7A19E85E06F22036BD8695 /* Assets.xcassets */,
				0AC2E3B000F062D94CF5A7F0 /* Info.plist */,
				0229DA84F030C9D2F2441EF3 /* Localizable.xcstrings */,
				4BF08AA3FE87FB56BE8755D3 /* LumenBridgeTV.entitlements */,
				DF70E792565A67406399861E /* PrivacyInfo.xcprivacy */,
			);
			name = Resources;
			path = Resources;
			sourceTree = "<group>";
		};
		A1A50ECC9AA38C64274B5C09 /* tvOS */ = {
			isa = PBXGroup;
			children = (
				EA291C275431DB7C85C4A4BE /* Foundation.framework */,
			);
			name = tvOS;
			sourceTree = "<group>";
		};
		AED25E2C4346C4C635D1DD38 /* LumenBridge */ = {
			isa = PBXGroup;
			children = (
				3A044DA8A7BC52C16BB2E9B5 /* LumenBridgeMacApp.swift */,
				C33C2C7E6775A3113B1FD858 /* MainWindow.swift */,
				DE1E309848F570C19250F275 /* MenuBarContent.swift */,
				E8C210560E9FE0B6807D408E /* OnboardingView.swift */,
				C81768F89C008BC716ACBB52 /* Resources */,
				69E97127CE14B4D04423DF9A /* Services */,
				E28DA7ECBAC26F0648DD4F45 /* SettingsView.swift */,
			);
			name = LumenBridge;
			path = LumenBridge;
			sourceTree = "<group>";
		};
		BF24EF2BEC8D1F231D45515E /* OS X */ = {
			isa = PBXGroup;
			children = (
				8BAFF04A549DAD696DCD3E88 /* Cocoa.framework */,
			);
			name = "OS X";
			sourceTree = "<group>";
		};
		C81768F89C008BC716ACBB52 /* Resources */ = {
			isa = PBXGroup;
			children = (
				AED237883A7AD86BDDB59A28 /* Assets.xcassets */,
				652CB63D75078D602A75DA68 /* Info.plist */,
				4612204A63F1FF97EB7D4853 /* Localizable.xcstrings */,
				EDC852534C4A8BC01D125B98 /* LumenBridge.entitlements */,
				BF932A53BA4217EDD2DAD51C /* PrivacyInfo.xcprivacy */,
			);
			name = Resources;
			path = Resources;
			sourceTree = "<group>";
		};
		CD535A0742994CA2CBCEBA89 /* Shared */ = {
			isa = PBXGroup;
			children = (
				4954EB462421F03DAB118559 /* CloudKit */,
				DE5C29F3A148207B9E9CC258 /* Discovery */,
				060B1D4FEBC77FCD67A03FF0 /* HomeKit */,
				7118892290FE200F9421F6EA /* MQTT */,
				2BE035EC6B5F6F32416E98F4 /* State */,
			);
			name = Shared;
			path = Shared;
			sourceTree = "<group>";
		};
		DE5C29F3A148207B9E9CC258 /* Discovery */ = {
			isa = PBXGroup;
			children = (
				3B9AE6F82B98EC996A4B3D87 /* FrigateDiscovery.swift */,
			);
			name = Discovery;
			path = Discovery;
			sourceTree = "<group>";
		};
		F25637BA84F7959096A14112 /* LumenBridgeTV */ = {
			isa = PBXGroup;
			children = (
				9B291AB3B68911096AC6A738 /* LumenBridgeTVApp.swift */,
				9029323911B5E0D9D5F7F2DC /* Resources */,
				D1BC14F26A855090976C4C18 /* TVHomeView.swift */,
			);
			name = LumenBridgeTV;
			path = LumenBridgeTV;
			sourceTree = "<group>";
		};
		F7A965B088A2130DA8791E4A /* Frameworks */ = {
			isa = PBXGroup;
			children = (
				BF24EF2BEC8D1F231D45515E /* OS X */,
				A1A50ECC9AA38C64274B5C09 /* tvOS */,
			);
			name = Frameworks;
			sourceTree = "<group>";
		};
/* End PBXGroup section */

/* Begin PBXNativeTarget section */
		1FE096C5AA06162C7964EE41 /* LumenBridge */ = {
			isa = PBXNativeTarget;
			buildConfigurationList = 5F5B016B274DC33F7D29DB63 /* Build configuration list for PBXNativeTarget "LumenBridge" */;
			buildPhases = (
				29053163C7301BB931ED0A1C /* Sources */,
				3B8E0B74EDF356C9EDCCFA61 /* Frameworks */,
				04922B045467733850B70A34 /* Resources */,
			);
			buildRules = (
			);
			dependencies = (
			);
			name = LumenBridge;
			packageProductDependencies = (
				EB83F590D3E09A9C810166F0 /* MQTTNIO */,
				DC52E90AC8BBE876DA249F16 /* HAP */,
				543501063C2233C0608DCA0A /* BugReportKit */,
			);
			productName = LumenBridge;
			productReference = C4D0340A44ACC865E56BF985 /* LumenBridge.app */;
			productType = "com.apple.product-type.application";
		};
		5AFC2E4611F382EB9534E2E9 /* LumenBridgeTV */ = {
			isa = PBXNativeTarget;
			buildConfigurationList = CB9F263F318047BA41A0108C /* Build configuration list for PBXNativeTarget "LumenBridgeTV" */;
			buildPhases = (
				732555E006EA7B695F48F069 /* Sources */,
				8AB5A643EEC1C88BD3D73944 /* Frameworks */,
				4064E7954ACF82FC9108F821 /* Resources */,
			);
			buildRules = (
			);
			dependencies = (
			);
			name = LumenBridgeTV;
			packageProductDependencies = (
				EC3E0AB95076CC19B0B41556 /* MQTTNIO */,
			);
			productName = LumenBridgeTV;
			productReference = 6E583D04FB61A0C8E6C17D7A /* LumenBridgeTV.app */;
			productType = "com.apple.product-type.application";
		};
/* End PBXNativeTarget section */

/* Begin PBXProject section */
		B13E43C00BB2B864975384E5 /* Project object */ = {
			isa = PBXProject;
			attributes = {
				LastSwiftUpdateCheck = 1600;
				LastUpgradeCheck = 1600;
			};
			buildConfigurationList = 409A79835C5D030F81F19307 /* Build configuration list for PBXProject "LumenBridge" */;
			compatibilityVersion = "Xcode 3.2";
			developmentRegion = en;
			hasScannedForEncodings = 0;
			knownRegions = (
				en,
				Base,
			);
			mainGroup = 82AC061B6D95C4CF21C5D663;
			minimizedProjectReferenceProxies = 0;
			packageReferences = (
				739F667601C721F2785456A4 /* XCRemoteSwiftPackageReference "mqtt-nio" */,
				5CB099129FCAEB2F9F49144B /* XCRemoteSwiftPackageReference "HAP" */,
				176B1FACB4782320513DBB8F /* XCLocalSwiftPackageReference "BugReportKit" */,
			);
			preferredProjectObjectVersion = 77;
			productRefGroup = 40F6F899623683BBF548ECC2 /* Products */;
			projectDirPath = "";
			projectRoot = "";
			targets = (
				1FE096C5AA06162C7964EE41 /* LumenBridge */,
				5AFC2E4611F382EB9534E2E9 /* LumenBridgeTV */,
			);
		};
/* End PBXProject section */

/* Begin PBXResourcesBuildPhase section */
		04922B045467733850B70A34 /* Resources */ = {
			isa = PBXResourcesBuildPhase;
			buildActionMask = 2147483647;
			files = (
				F005178129FC54209CA5EE77 /* Assets.xcassets in Resources */,
				45B1596883BD3DE54DF81DE0 /* Localizable.xcstrings in Resources */,
				C6E0C6554EA2B46F7E530249 /* PrivacyInfo.xcprivacy in Resources */,
			);
			runOnlyForDeploymentPostprocessing = 0;
		};
		4064E7954ACF82FC9108F821 /* Resources */ = {
			isa = PBXResourcesBuildPhase;
			buildActionMask = 2147483647;
			files = (
				1004D8269827C25EC6C30C24 /* Assets.xcassets in Resources */,
				B8FC5AD8763FD811B740F02A /* Localizable.xcstrings in Resources */,
				0D8DE96F120A696A82624764 /* PrivacyInfo.xcprivacy in Resources */,
			);
			runOnlyForDeploymentPostprocessing = 0;
		};
/* End PBXResourcesBuildPhase section */

/* Begin PBXSourcesBuildPhase section */
		29053163C7301BB931ED0A1C /* Sources */ = {
			isa = PBXSourcesBuildPhase;
			buildActionMask = 2147483647;
			files = (
				213CD175918D95B643037349 /* CloudKitBridge.swift in Sources */,
				4A730F49DFAD23094A2928EC /* FrigateDiscovery.swift in Sources */,
				E6D358553D2EDC6755445A0D /* HAPBridgeManager.swift in Sources */,
				8C1CDF67DA203CECE5A4D4A6 /* HomebridgeManager.swift in Sources */,
				E07978D25EF83637D9C6BA36 /* FrigateMQTTClient.swift in Sources */,
				FA303C43B0BBA564B450DE60 /* BridgeConfigSync.swift in Sources */,
				21AE74F78E60B870338BB2EB /* BridgeCoordinator.swift in Sources */,
				1B9706D0D326228D56E8B401 /* BridgeState.swift in Sources */,
				F17619ACDE4FBC090CF1889C /* MQTTCredentialsKeychain.swift in Sources */,
				D1DD609F89F4794E4BA3F92D /* LumenBridgeMacApp.swift in Sources */,
				BB50CF3D583418896AB1AF9A /* MainWindow.swift in Sources */,
				D5511D6C784DA44EFB4DC154 /* MenuBarContent.swift in Sources */,
				37DB03AEBA31A4A25191FBE1 /* OnboardingView.swift in Sources */,
				4393F397DE92416223F89ACE /* LumenBridgeBugReportContext.swift in Sources */,
				52AEE6B199CE05905DF716F9 /* SettingsView.swift in Sources */,
			);
			runOnlyForDeploymentPostprocessing = 0;
		};
		732555E006EA7B695F48F069 /* Sources */ = {
			isa = PBXSourcesBuildPhase;
			buildActionMask = 2147483647;
			files = (
				520EFAE9009F6D4241DCC523 /* CloudKitBridge.swift in Sources */,
				C391651184F66709AD246B1B /* FrigateDiscovery.swift in Sources */,
				E0C8C31A491D5CF94ECB8F26 /* HAPBridgeManager.swift in Sources */,
				DC704D2C24A596C19E0FDCBB /* HomebridgeManager.swift in Sources */,
				E1FF8D9B4261B5F62EB07BC5 /* FrigateMQTTClient.swift in Sources */,
				5DDD37757B27ED1195EF348E /* BridgeConfigSync.swift in Sources */,
				563F78552EBC0EBFADC69DB4 /* BridgeCoordinator.swift in Sources */,
				AD4BBED88851D666195D71FF /* BridgeState.swift in Sources */,
				5485E8DBFAB10DFF5FF97453 /* MQTTCredentialsKeychain.swift in Sources */,
				8FD80FC93A28690E42E335A3 /* LumenBridgeTVApp.swift in Sources */,
				C732CA5EB8797307FB1093EB /* TVHomeView.swift in Sources */,
			);
			runOnlyForDeploymentPostprocessing = 0;
		};
/* End PBXSourcesBuildPhase section */

/* Begin XCBuildConfiguration section */
		4B3AF5ACF93907AFD9799454 /* Debug */ = {
			isa = XCBuildConfiguration;
			buildSettings = {
				ASSETCATALOG_COMPILER_APPICON_NAME = AppIcon;
				ASSETCATALOG_COMPILER_GLOBAL_ACCENT_COLOR_NAME = AccentColor;
				CODE_SIGN_ENTITLEMENTS = LumenBridge/Resources/LumenBridge.entitlements;
				CODE_SIGN_STYLE = Automatic;
				COMBINE_HIDPI_IMAGES = YES;
				CURRENT_PROJECT_VERSION = 15;
				DEVELOPMENT_TEAM = TDV6D5L785;
				ENABLE_HARDENED_RUNTIME = YES;
				ENABLE_PREVIEWS = YES;
				INFOPLIST_FILE = LumenBridge/Resources/Info.plist;
				INFOPLIST_KEY_LSApplicationCategoryType = "public.app-category.utilities";
				INFOPLIST_KEY_LSUIElement = YES;
				INFOPLIST_KEY_NSHumanReadableCopyright = "Copyright © 2026 LorisLabs";
				LD_RUNPATH_SEARCH_PATHS = "$(inherited) @executable_path/../Frameworks";
				MACOSX_DEPLOYMENT_TARGET = 15.0;
				MARKETING_VERSION = 0.1.0;
				PRODUCT_BUNDLE_IDENTIFIER = com.lorislabapp.lumenbridge;
				PRODUCT_NAME = "Lumen Bridge";
				SDKROOT = macosx;
				SUPPORTED_PLATFORMS = macosx;
				SWIFT_VERSION = 6.0;
			};
			name = Debug;
		};
		B6EA80CD7089746B73CD193F /* Release */ = {
			isa = XCBuildConfiguration;
			buildSettings = {
				ASSETCATALOG_COMPILER_APPICON_NAME = AppIcon;
				ASSETCATALOG_COMPILER_GLOBAL_ACCENT_COLOR_NAME = AccentColor;
				CODE_SIGN_ENTITLEMENTS = LumenBridge/Resources/LumenBridge.entitlements;
				CODE_SIGN_STYLE = Automatic;
				COMBINE_HIDPI_IMAGES = YES;
				CURRENT_PROJECT_VERSION = 15;
				DEVELOPMENT_TEAM = TDV6D5L785;
				ENABLE_HARDENED_RUNTIME = YES;
				ENABLE_PREVIEWS = YES;
				INFOPLIST_FILE = LumenBridge/Resources/Info.plist;
				INFOPLIST_KEY_LSApplicationCategoryType = "public.app-category.utilities";
				INFOPLIST_KEY_LSUIElement = YES;
				INFOPLIST_KEY_NSHumanReadableCopyright = "Copyright © 2026 LorisLabs";
				LD_RUNPATH_SEARCH_PATHS = "$(inherited) @executable_path/../Frameworks";
				MACOSX_DEPLOYMENT_TARGET = 15.0;
				MARKETING_VERSION = 0.1.0;
				PRODUCT_BUNDLE_IDENTIFIER = com.lorislabapp.lumenbridge;
				PRODUCT_NAME = "Lumen Bridge";
				SDKROOT = macosx;
				SUPPORTED_PLATFORMS = macosx;
				SWIFT_VERSION = 6.0;
			};
			name = Release;
		};
		C18F7A9DAC1701F69040D4D8 /* Debug */ = {
			isa = XCBuildConfiguration;
			buildSettings = {
				ALWAYS_SEARCH_USER_PATHS = NO;
				CLANG_ANALYZER_NONNULL = YES;
				CLANG_ANALYZER_NUMBER_OBJECT_CONVERSION = YES_AGGRESSIVE;
				CLANG_CXX_LANGUAGE_STANDARD = "gnu++14";
				CLANG_CXX_LIBRARY = "libc++";
				CLANG_ENABLE_MODULES = YES;
				CLANG_ENABLE_OBJC_ARC = YES;
				CLANG_ENABLE_OBJC_WEAK = YES;
				CLANG_WARN_BLOCK_CAPTURE_AUTORELEASING = YES;
				CLANG_WARN_BOOL_CONVERSION = YES;
				CLANG_WARN_COMMA = YES;
				CLANG_WARN_CONSTANT_CONVERSION = YES;
				CLANG_WARN_DEPRECATED_OBJC_IMPLEMENTATIONS = YES;
				CLANG_WARN_DIRECT_OBJC_ISA_USAGE = YES_ERROR;
				CLANG_WARN_DOCUMENTATION_COMMENTS = YES;
				CLANG_WARN_EMPTY_BODY = YES;
				CLANG_WARN_ENUM_CONVERSION = YES;
				CLANG_WARN_INFINITE_RECURSION = YES;
				CLANG_WARN_INT_CONVERSION = YES;
				CLANG_WARN_NON_LITERAL_NULL_CONVERSION = YES;
				CLANG_WARN_OBJC_IMPLICIT_RETAIN_SELF = YES;
				CLANG_WARN_OBJC_LITERAL_CONVERSION = YES;
				CLANG_WARN_OBJC_ROOT_CLASS = YES_ERROR;
				CLANG_WARN_QUOTED_INCLUDE_IN_FRAMEWORK_HEADER = YES;
				CLANG_WARN_RANGE_LOOP_ANALYSIS = YES;
				CLANG_WARN_STRICT_PROTOTYPES = YES;
				CLANG_WARN_SUSPICIOUS_MOVE = YES;
				CLANG_WARN_UNGUARDED_AVAILABILITY = YES_AGGRESSIVE;
				CLANG_WARN_UNREACHABLE_CODE = YES;
				CLANG_WARN__DUPLICATE_METHOD_MATCH = YES;
				COPY_PHASE_STRIP = NO;
				DEBUG_INFORMATION_FORMAT = dwarf;
				ENABLE_STRICT_OBJC_MSGSEND = YES;
				ENABLE_TESTABILITY = YES;
				GCC_C_LANGUAGE_STANDARD = gnu11;
				GCC_DYNAMIC_NO_PIC = NO;
				GCC_NO_COMMON_BLOCKS = YES;
				GCC_OPTIMIZATION_LEVEL = 0;
				GCC_PREPROCESSOR_DEFINITIONS = (
					"DEBUG=1",
					"$(inherited)",
				);
				GCC_WARN_64_TO_32_BIT_CONVERSION = YES;
				GCC_WARN_ABOUT_RETURN_TYPE = YES_ERROR;
				GCC_WARN_UNDECLARED_SELECTOR = YES;
				GCC_WARN_UNINITIALIZED_AUTOS = YES_AGGRESSIVE;
				GCC_WARN_UNUSED_FUNCTION = YES;
				GCC_WARN_UNUSED_VARIABLE = YES;
				MTL_ENABLE_DEBUG_INFO = INCLUDE_SOURCE;
				MTL_FAST_MATH = YES;
				ONLY_ACTIVE_ARCH = YES;
				PRODUCT_NAME = "$(TARGET_NAME)";
				SWIFT_ACTIVE_COMPILATION_CONDITIONS = DEBUG;
				SWIFT_OPTIMIZATION_LEVEL = "-Onone";
				SWIFT_VERSION = 5.0;
			};
			name = Debug;
		};
		CF4168C14E27F9BE49C5F0CD /* Debug */ = {
			isa = XCBuildConfiguration;
			buildSettings = {
				ASSETCATALOG_COMPILER_APPICON_NAME = "Brand Assets";
				ASSETCATALOG_COMPILER_GLOBAL_ACCENT_COLOR_NAME = AccentColor;
				CODE_SIGN_ENTITLEMENTS = LumenBridgeTV/Resources/LumenBridgeTV.entitlements;
				CODE_SIGN_STYLE = Automatic;
				CURRENT_PROJECT_VERSION = 15;
				DEVELOPMENT_TEAM = TDV6D5L785;
				ENABLE_PREVIEWS = YES;
				INFOPLIST_FILE = LumenBridgeTV/Resources/Info.plist;
				INFOPLIST_KEY_LSApplicationCategoryType = "public.app-category.utilities";
				INFOPLIST_KEY_NSHumanReadableCopyright = "Copyright © 2026 LorisLabs";
				LD_RUNPATH_SEARCH_PATHS = "$(inherited) @executable_path/Frameworks";
				MARKETING_VERSION = 0.1.0;
				PRODUCT_BUNDLE_IDENTIFIER = com.lorislabapp.lumenbridge;
				PRODUCT_NAME = "Lumen Bridge";
				SDKROOT = appletvos;
				SUPPORTED_PLATFORMS = "appletvos appletvsimulator";
				SWIFT_VERSION = 6.0;
				TARGETED_DEVICE_FAMILY = 3;
				TVOS_DEPLOYMENT_TARGET = 17.0;
			};
			name = Debug;
		};
		D2A4CAE4F45F7048D4A8F0AC /* Release */ = {
			isa = XCBuildConfiguration;
			buildSettings = {
				ALWAYS_SEARCH_USER_PATHS = NO;
				CLANG_ANALYZER_NONNULL = YES;
				CLANG_ANALYZER_NUMBER_OBJECT_CONVERSION = YES_AGGRESSIVE;
				CLANG_CXX_LANGUAGE_STANDARD = "gnu++14";
				CLANG_CXX_LIBRARY = "libc++";
				CLANG_ENABLE_MODULES = YES;
				CLANG_ENABLE_OBJC_ARC = YES;
				CLANG_ENABLE_OBJC_WEAK = YES;
				CLANG_WARN_BLOCK_CAPTURE_AUTORELEASING = YES;
				CLANG_WARN_BOOL_CONVERSION = YES;
				CLANG_WARN_COMMA = YES;
				CLANG_WARN_CONSTANT_CONVERSION = YES;
				CLANG_WARN_DEPRECATED_OBJC_IMPLEMENTATIONS = YES;
				CLANG_WARN_DIRECT_OBJC_ISA_USAGE = YES_ERROR;
				CLANG_WARN_DOCUMENTATION_COMMENTS = YES;
				CLANG_WARN_EMPTY_BODY = YES;
				CLANG_WARN_ENUM_CONVERSION = YES;
				CLANG_WARN_INFINITE_RECURSION = YES;
				CLANG_WARN_INT_CONVERSION = YES;
				CLANG_WARN_NON_LITERAL_NULL_CONVERSION = YES;
				CLANG_WARN_OBJC_IMPLICIT_RETAIN_SELF = YES;
				CLANG_WARN_OBJC_LITERAL_CONVERSION = YES;
				CLANG_WARN_OBJC_ROOT_CLASS = YES_ERROR;
				CLANG_WARN_QUOTED_INCLUDE_IN_FRAMEWORK_HEADER = YES;
				CLANG_WARN_RANGE_LOOP_ANALYSIS = YES;
				CLANG_WARN_STRICT_PROTOTYPES = YES;
				CLANG_WARN_SUSPICIOUS_MOVE = YES;
				CLANG_WARN_UNGUARDED_AVAILABILITY = YES_AGGRESSIVE;
				CLANG_WARN_UNREACHABLE_CODE = YES;
				CLANG_WARN__DUPLICATE_METHOD_MATCH = YES;
				COPY_PHASE_STRIP = NO;
				DEBUG_INFORMATION_FORMAT = "dwarf-with-dsym";
				ENABLE_NS_ASSERTIONS = NO;
				ENABLE_STRICT_OBJC_MSGSEND = YES;
				GCC_C_LANGUAGE_STANDARD = gnu11;
				GCC_NO_COMMON_BLOCKS = YES;
				GCC_WARN_64_TO_32_BIT_CONVERSION = YES;
				GCC_WARN_ABOUT_RETURN_TYPE = YES_ERROR;
				GCC_WARN_UNDECLARED_SELECTOR = YES;
				GCC_WARN_UNINITIALIZED_AUTOS = YES_AGGRESSIVE;
				GCC_WARN_UNUSED_FUNCTION = YES;
				GCC_WARN_UNUSED_VARIABLE = YES;
				MTL_ENABLE_DEBUG_INFO = NO;
				MTL_FAST_MATH = YES;
				PRODUCT_NAME = "$(TARGET_NAME)";
				SWIFT_COMPILATION_MODE = wholemodule;
				SWIFT_OPTIMIZATION_LEVEL = "-O";
				SWIFT_VERSION = 5.0;
			};
			name = Release;
		};
		E954F2FA9058066765A80DFD /* Release */ = {
			isa = XCBuildConfiguration;
			buildSettings = {
				ASSETCATALOG_COMPILER_APPICON_NAME = "Brand Assets";
				ASSETCATALOG_COMPILER_GLOBAL_ACCENT_COLOR_NAME = AccentColor;
				CODE_SIGN_ENTITLEMENTS = LumenBridgeTV/Resources/LumenBridgeTV.entitlements;
				CODE_SIGN_STYLE = Automatic;
				CURRENT_PROJECT_VERSION = 15;
				DEVELOPMENT_TEAM = TDV6D5L785;
				ENABLE_PREVIEWS = YES;
				INFOPLIST_FILE = LumenBridgeTV/Resources/Info.plist;
				INFOPLIST_KEY_LSApplicationCategoryType = "public.app-category.utilities";
				INFOPLIST_KEY_NSHumanReadableCopyright = "Copyright © 2026 LorisLabs";
				LD_RUNPATH_SEARCH_PATHS = "$(inherited) @executable_path/Frameworks";
				MARKETING_VERSION = 0.1.0;
				PRODUCT_BUNDLE_IDENTIFIER = com.lorislabapp.lumenbridge;
				PRODUCT_NAME = "Lumen Bridge";
				SDKROOT = appletvos;
				SUPPORTED_PLATFORMS = "appletvos appletvsimulator";
				SWIFT_VERSION = 6.0;
				TARGETED_DEVICE_FAMILY = 3;
				TVOS_DEPLOYMENT_TARGET = 17.0;
				VALIDATE_PRODUCT = YES;
			};
			name = Release;
		};
/* End XCBuildConfiguration section */

/* Begin XCConfigurationList section */
		409A79835C5D030F81F19307 /* Build configuration list for PBXProject "LumenBridge" */ = {
			isa = XCConfigurationList;
			buildConfigurations = (
				C18F7A9DAC1701F69040D4D8 /* Debug */,
				D2A4CAE4F45F7048D4A8F0AC /* Release */,
			);
			defaultConfigurationIsVisible = 0;
			defaultConfigurationName = Release;
		};
		5F5B016B274DC33F7D29DB63 /* Build configuration list for PBXNativeTarget "LumenBridge" */ = {
			isa = XCConfigurationList;
			buildConfigurations = (
				B6EA80CD7089746B73CD193F /* Release */,
				4B3AF5ACF93907AFD9799454 /* Debug */,
			);
			defaultConfigurationIsVisible = 0;
			defaultConfigurationName = Release;
		};
		CB9F263F318047BA41A0108C /* Build configuration list for PBXNativeTarget "LumenBridgeTV" */ = {
			isa = XCConfigurationList;
			buildConfigurations = (
				E954F2FA9058066765A80DFD /* Release */,
				CF4168C14E27F9BE49C5F0CD /* Debug */,
			);
			defaultConfigurationIsVisible = 0;
			defaultConfigurationName = Release;
		};
/* End XCConfigurationList section */

/* Begin XCLocalSwiftPackageReference section */
		176B1FACB4782320513DBB8F /* XCLocalSwiftPackageReference "BugReportKit" */ = {
			isa = XCLocalSwiftPackageReference;
			relativePath = Packages/BugReportKit;
		};
/* End XCLocalSwiftPackageReference section */

/* Begin XCRemoteSwiftPackageReference section */
		5CB099129FCAEB2F9F49144B /* XCRemoteSwiftPackageReference "HAP" */ = {
			isa = XCRemoteSwiftPackageReference;
			repositoryURL = "https://github.com/Bouke/HAP";
			requirement = {
				kind = revision;
				revision = 51e3505a;
			};
		};
		739F667601C721F2785456A4 /* XCRemoteSwiftPackageReference "mqtt-nio" */ = {
			isa = XCRemoteSwiftPackageReference;
			repositoryURL = "https://github.com/adam-fowler/mqtt-nio";
			requirement = {
				kind = upToNextMajorVersion;
				minimumVersion = 2.13.0;
			};
		};
/* End XCRemoteSwiftPackageReference section */

/* Begin XCSwiftPackageProductDependency section */
		543501063C2233C0608DCA0A /* BugReportKit */ = {
			isa = XCSwiftPackageProductDependency;
			package = 176B1FACB4782320513DBB8F /* XCLocalSwiftPackageReference "BugReportKit" */;
			productName = BugReportKit;
		};
		DC52E90AC8BBE876DA249F16 /* HAP */ = {
			isa = XCSwiftPackageProductDependency;
			package = 5CB099129FCAEB2F9F49144B /* XCRemoteSwiftPackageReference "HAP" */;
			productName = HAP;
		};
		EB83F590D3E09A9C810166F0 /* MQTTNIO */ = {
			isa = XCSwiftPackageProductDependency;
			package = 739F667601C721F2785456A4 /* XCRemoteSwiftPackageReference "mqtt-nio" */;
			productName = MQTTNIO;
		};
		EC3E0AB95076CC19B0B41556 /* MQTTNIO */ = {
			isa = XCSwiftPackageProductDependency;
			package = 739F667601C721F2785456A4 /* XCRemoteSwiftPackageReference "mqtt-nio" */;
			productName = MQTTNIO;
		};
/* End XCSwiftPackageProductDependency section */
	};
	rootObject = B13E43C00BB2B864975384E5 /* Project object */;
}
